// !$*UTF8*$!
{
	archiveVersion = 1;
	classes = {
	};
	objectVersion = 50;
	objects = {

/* Begin PBXBuildFile section */
		3755F0CC24E319B20030DB43 /* AppDelegate.swift in Sources */ = {isa = PBXBuildFile; fileRef = 3755F0CB24E319B20030DB43 /* AppDelegate.swift */; };
		3755F0CE24E319B20030DB43 /* SceneDelegate.swift in Sources */ = {isa = PBXBuildFile; fileRef = 3755F0CD24E319B20030DB43 /* SceneDelegate.swift */; };
		3755F0D024E319B20030DB43 /* ViewController.swift in Sources */ = {isa = PBXBuildFile; fileRef = 3755F0CF24E319B20030DB43 /* ViewController.swift */; };
		3755F0D324E319B20030DB43 /* Main.storyboard in Resources */ = {isa = PBXBuildFile; fileRef = 3755F0D124E319B20030DB43 /* Main.storyboard */; };
		3755F0D624E319B20030DB43 /* finalProject.xcdatamodeld in Sources */ = {isa = PBXBuildFile; fileRef = 3755F0D424E319B20030DB43 /* finalProject.xcdatamodeld */; };
		3755F0D824E319B50030DB43 /* Assets.xcassets in Resources */ = {isa = PBXBuildFile; fileRef = 3755F0D724E319B50030DB43 /* Assets.xcassets */; };
		3755F0DB24E319B50030DB43 /* LaunchScreen.storyboard in Resources */ = {isa = PBXBuildFile; fileRef = 3755F0D924E319B50030DB43 /* LaunchScreen.storyboard */; };
		3755F0E324E31B290030DB43 /* QuizViewController.swift in Sources */ = {isa = PBXBuildFile; fileRef = 3755F0E224E31B290030DB43 /* QuizViewController.swift */; };
		3755F0E524E31B680030DB43 /* OptionPanelViewController.swift in Sources */ = {isa = PBXBuildFile; fileRef = 3755F0E424E31B680030DB43 /* OptionPanelViewController.swift */; };
		3755F0E724E31BB70030DB43 /* MusicViewController.swift in Sources */ = {isa = PBXBuildFile; fileRef = 3755F0E624E31BB70030DB43 /* MusicViewController.swift */; };
		3755F0E924E31BF70030DB43 /* PeopleViewController.swift in Sources */ = {isa = PBXBuildFile; fileRef = 3755F0E824E31BF70030DB43 /* PeopleViewController.swift */; };
		3755F0EB24E31C390030DB43 /* GoalTrackerViewController.swift in Sources */ = {isa = PBXBuildFile; fileRef = 3755F0EA24E31C390030DB43 /* GoalTrackerViewController.swift */; };
		3755F0ED24E31C810030DB43 /* TipsViewController.swift in Sources */ = {isa = PBXBuildFile; fileRef = 3755F0EC24E31C810030DB43 /* TipsViewController.swift */; };
		3755F0EF24E31CC10030DB43 /* QuotesViewController.swift in Sources */ = {isa = PBXBuildFile; fileRef = 3755F0EE24E31CC10030DB43 /* QuotesViewController.swift */; };
/* End PBXBuildFile section */

/* Begin PBXFileReference section */
		3755F0C824E319B20030DB43 /* finalProject.app */ = {isa = PBXFileReference; explicitFileType = wrapper.application; includeInIndex = 0; path = finalProject.app; sourceTree = BUILT_PRODUCTS_DIR; };
		3755F0CB24E319B20030DB43 /* AppDelegate.swift */ = {isa = PBXFileReference; lastKnownFileType = sourcecode.swift; path = AppDelegate.swift; sourceTree = "<group>"; };
		3755F0CD24E319B20030DB43 /* SceneDelegate.swift */ = {isa = PBXFileReference; lastKnownFileType = sourcecode.swift; path = SceneDelegate.swift; sourceTree = "<group>"; };
		3755F0CF24E319B20030DB43 /* ViewController.swift */ = {isa = PBXFileReference; lastKnownFileType = sourcecode.swift; path = ViewController.swift; sourceTree = "<group>"; };
		3755F0D224E319B20030DB43 /* Base */ = {isa = PBXFileReference; lastKnownFileType = file.storyboard; name = Base; path = Base.lproj/Main.storyboard; sourceTree = "<group>"; };
		3755F0D524E319B20030DB43 /* finalProject.xcdatamodel */ = {isa = PBXFileReference; lastKnownFileType = wrapper.xcdatamodel; path = finalProject.xcdatamodel; sourceTree = "<group>"; };
		3755F0D724E319B50030DB43 /* Assets.xcassets */ = {isa = PBXFileReference; lastKnownFileType = folder.assetcatalog; path = Assets.xcassets; sourceTree = "<group>"; };
		3755F0DA24E319B50030DB43 /* Base */ = {isa = PBXFileReference; lastKnownFileType = file.storyboard; name = Base; path = Base.lproj/LaunchScreen.storyboard; sourceTree = "<group>"; };
		3755F0DC24E319B50030DB43 /* Info.plist */ = {isa = PBXFileReference; lastKnownFileType = text.plist.xml; path = Info.plist; sourceTree = "<group>"; };
		3755F0E224E31B290030DB43 /* QuizViewController.swift */ = {isa = PBXFileReference; lastKnownFileType = sourcecode.swift; path = QuizViewController.swift; sourceTree = "<group>"; };
		3755F0E424E31B680030DB43 /* OptionPanelViewController.swift */ = {isa = PBXFileReference; lastKnownFileType = sourcecode.swift; path = OptionPanelViewController.swift; sourceTree = "<group>"; };
		3755F0E624E31BB70030DB43 /* MusicViewController.swift */ = {isa = PBXFileReference; lastKnownFileType = sourcecode.swift; path = MusicViewController.swift; sourceTree = "<group>"; };
		3755F0E824E31BF70030DB43 /* PeopleViewController.swift */ = {isa = PBXFileReference; lastKnownFileType = sourcecode.swift; path = PeopleViewController.swift; sourceTree = "<group>"; };
		3755F0EA24E31C390030DB43 /* GoalTrackerViewController.swift */ = {isa = PBXFileReference; lastKnownFileType = sourcecode.swift; path = GoalTrackerViewController.swift; sourceTree = "<group>"; };
		3755F0EC24E31C810030DB43 /* TipsViewController.swift */ = {isa = PBXFileReference; lastKnownFileType = sourcecode.swift; path = TipsViewController.swift; sourceTree = "<group>"; };
		3755F0EE24E31CC10030DB43 /* QuotesViewController.swift */ = {isa = PBXFileReference; lastKnownFileType = sourcecode.swift; path = QuotesViewController.swift; sourceTree = "<group>"; };
/* End PBXFileReference section */

/* Begin PBXFrameworksBuildPhase section */
		3755F0C524E319B20030DB43 /* Frameworks */ = {
			isa = PBXFrameworksBuildPhase;
			buildActionMask = 2147483647;
			files = (
			);
			runOnlyForDeploymentPostprocessing = 0;
		};
/* End PBXFrameworksBuildPhase section */

/* Begin PBXGroup section */
		3755F0BF24E319B20030DB43 = {
			isa = PBXGroup;
			children = (
				3755F0CA24E319B20030DB43 /* finalProject */,
				3755F0C924E319B20030DB43 /* Products */,
			);
			sourceTree = "<group>";
		};
		3755F0C924E319B20030DB43 /* Products */ = {
			isa = PBXGroup;
			children = (
				3755F0C824E319B20030DB43 /* finalProject.app */,
			);
			name = Products;
			sourceTree = "<group>";
		};
		3755F0CA24E319B20030DB43 /* finalProject */ = {
			isa = PBXGroup;
			children = (
				3755F0CB24E319B20030DB43 /* AppDelegate.swift */,
				3755F0CD24E319B20030DB43 /* SceneDelegate.swift */,
				3755F0CF24E319B20030DB43 /* ViewController.swift */,
				3755F0D124E319B20030DB43 /* Main.storyboard */,
				3755F0EE24E31CC10030DB43 /* QuotesViewController.swift */,
				3755F0EC24E31C810030DB43 /* TipsViewController.swift */,
				3755F0EA24E31C390030DB43 /* GoalTrackerViewController.swift */,
				3755F0E824E31BF70030DB43 /* PeopleViewController.swift */,
				3755F0E624E31BB70030DB43 /* MusicViewController.swift */,
				3755F0E424E31B680030DB43 /* OptionPanelViewController.swift */,
				3755F0E224E31B290030DB43 /* QuizViewController.swift */,
				3755F0D724E319B50030DB43 /* Assets.xcassets */,
				3755F0D924E319B50030DB43 /* LaunchScreen.storyboard */,
				3755F0DC24E319B50030DB43 /* Info.plist */,
				3755F0D424E319B20030DB43 /* finalProject.xcdatamodeld */,
			);
			path = finalProject;
			sourceTree = "<group>";
		};
/* End PBXGroup section */

/* Begin PBXNativeTarget section */
		3755F0C724E319B20030DB43 /* finalProject */ = {
			isa = PBXNativeTarget;
			buildConfigurationList = 3755F0DF24E319B50030DB43 /* Build configuration list for PBXNativeTarget "finalProject" */;
			buildPhases = (
				3755F0C424E319B20030DB43 /* Sources */,
				3755F0C524E319B20030DB43 /* Frameworks */,
				3755F0C624E319B20030DB43 /* Resources */,
			);
			buildRules = (
			);
			dependencies = (
			);
			name = finalProject;
			productName = finalProject;
			productReference = 3755F0C824E319B20030DB43 /* finalProject.app */;
			productType = "com.apple.product-type.application";
		};
/* End PBXNativeTarget section */

/* Begin PBXProject section */
		3755F0C024E319B20030DB43 /* Project object */ = {
			isa = PBXProject;
			attributes = {
				LastSwiftUpdateCheck = 1160;
				LastUpgradeCheck = 1160;
				ORGANIZATIONNAME = "Sahithi Muthyala";
				TargetAttributes = {
					3755F0C724E319B20030DB43 = {
						CreatedOnToolsVersion = 11.6;
					};
				};
			};
			buildConfigurationList = 3755F0C324E319B20030DB43 /* Build configuration list for PBXProject "finalProject" */;
			compatibilityVersion = "Xcode 9.3";
			developmentRegion = en;
			hasScannedForEncodings = 0;
			knownRegions = (
				en,
				Base,
			);
			mainGroup = 3755F0BF24E319B20030DB43;
			productRefGroup = 3755F0C924E319B20030DB43 /* Products */;
			projectDirPath = "";
			projectRoot = "";
			targets = (
				3755F0C724E319B20030DB43 /* finalProject */,
			);
		};
/* End PBXProject section */

/* Begin PBXResourcesBuildPhase section */
		3755F0C624E319B20030DB43 /* Resources */ = {
			isa = PBXResourcesBuildPhase;
			buildActionMask = 2147483647;
			files = (
				3755F0DB24E319B50030DB43 /* LaunchScreen.storyboard in Resources */,
				3755F0D824E319B50030DB43 /* Assets.xcassets in Resources */,
				3755F0D324E319B20030DB43 /* Main.storyboard in Resources */,
			);
			runOnlyForDeploymentPostprocessing = 0;
		};
/* End PBXResourcesBuildPhase section */

/* Begin PBXSourcesBuildPhase section */
		3755F0C424E319B20030DB43 /* Sources */ = {
			isa = PBXSourcesBuildPhase;
			buildActionMask = 2147483647;
			files = (
				3755F0D024E319B20030DB43 /* ViewController.swift in Sources */,
				3755F0E924E31BF70030DB43 /* PeopleViewController.swift in Sources */,
				3755F0EB24E31C390030DB43 /* GoalTrackerViewController.swift in Sources */,
				3755F0E724E31BB70030DB43 /* MusicViewController.swift in Sources */,
				3755F0E324E31B290030DB43 /* QuizViewController.swift in Sources */,
				3755F0EF24E31CC10030DB43 /* QuotesViewController.swift in Sources */,
				3755F0CC24E319B20030DB43 /* AppDelegate.swift in Sources */,
				3755F0ED24E31C810030DB43 /* TipsViewController.swift in Sources */,
				3755F0D624E319B20030DB43 /* finalProject.xcdatamodeld in Sources */,
				3755F0E524E31B680030DB43 /* OptionPanelViewController.swift in Sources */,
				3755F0CE24E319B20030DB43 /* SceneDelegate.swift in Sources */,
			);
			runOnlyForDeploymentPostprocessing = 0;
		};
/* End PBXSourcesBuildPhase section */

/* Begin PBXVariantGroup section */
		3755F0D124E319B20030DB43 /* Main.storyboard */ = {
			isa = PBXVariantGroup;
			children = (
				3755F0D224E319B20030DB43 /* Base */,
			);
			name = Main.storyboard;
			sourceTree = "<group>";
		};
		3755F0D924E319B50030DB43 /* LaunchScreen.storyboard */ = {
			isa = PBXVariantGroup;
			children = (
				3755F0DA24E319B50030DB43 /* Base */,
			);
			name = LaunchScreen.storyboard;
			sourceTree = "<group>";
		};
/* End PBXVariantGroup section */

/* Begin XCBuildConfiguration section */
		3755F0DD24E319B50030DB43 /* Debug */ = {
			isa = XCBuildConfiguration;
			buildSettings = {
				ALWAYS_SEARCH_USER_PATHS = NO;
				CLANG_ANALYZER_NONNULL = YES;
				CLANG_ANALYZER_NUMBER_OBJECT_CONVERSION = YES_AGGRESSIVE;
				CLANG_CXX_LANGUAGE_STANDARD = "gnu++14";
				CLANG_CXX_LIBRARY = "libc++";
				CLANG_ENABLE_MODULES = YES;
				CLANG_ENABLE_OBJC_ARC = YES;
				CLANG_ENABLE_OBJC_WEAK = YES;
				CLANG_WARN_BLOCK_CAPTURE_AUTORELEASING = YES;
				CLANG_WARN_BOOL_CONVERSION = YES;
				CLANG_WARN_COMMA = YES;
				CLANG_WARN_CONSTANT_CONVERSION = YES;
				CLANG_WARN_DEPRECATED_OBJC_IMPLEMENTATIONS = YES;
				CLANG_WARN_DIRECT_OBJC_ISA_USAGE = YES_ERROR;
				CLANG_WARN_DOCUMENTATION_COMMENTS = YES;
				CLANG_WARN_EMPTY_BODY = YES;
				CLANG_WARN_ENUM_CONVERSION = YES;
				CLANG_WARN_INFINITE_RECURSION = YES;
				CLANG_WARN_INT_CONVERSION = YES;
				CLANG_WARN_NON_LITERAL_NULL_CONVERSION = YES;
				CLANG_WARN_OBJC_IMPLICIT_RETAIN_SELF = YES;
				CLANG_WARN_OBJC_LITERAL_CONVERSION = YES;
				CLANG_WARN_OBJC_ROOT_CLASS = YES_ERROR;
				CLANG_WARN_RANGE_LOOP_ANALYSIS = YES;
				CLANG_WARN_STRICT_PROTOTYPES = YES;
				CLANG_WARN_SUSPICIOUS_MOVE = YES;
				CLANG_WARN_UNGUARDED_AVAILABILITY = YES_AGGRESSIVE;
				CLANG_WARN_UNREACHABLE_CODE = YES;
				CLANG_WARN__DUPLICATE_METHOD_MATCH = YES;
				COPY_PHASE_STRIP = NO;
				DEBUG_INFORMATION_FORMAT = dwarf;
				ENABLE_STRICT_OBJC_MSGSEND = YES;
				ENABLE_TESTABILITY = YES;
				GCC_C_LANGUAGE_STANDARD = gnu11;
				GCC_DYNAMIC_NO_PIC = NO;
				GCC_NO_COMMON_BLOCKS = YES;
				GCC_OPTIMIZATION_LEVEL = 0;
				GCC_PREPROCESSOR_DEFINITIONS = (
					"DEBUG=1",
					"$(inherited)",
				);
				GCC_WARN_64_TO_32_BIT_CONVERSION = YES;
				GCC_WARN_ABOUT_RETURN_TYPE = YES_ERROR;
				GCC_WARN_UNDECLARED_SELECTOR = YES;
				GCC_WARN_UNINITIALIZED_AUTOS = YES_AGGRESSIVE;
				GCC_WARN_UNUSED_FUNCTION = YES;
				GCC_WARN_UNUSED_VARIABLE = YES;
				IPHONEOS_DEPLOYMENT_TARGET = 13.6;
				MTL_ENABLE_DEBUG_INFO = INCLUDE_SOURCE;
				MTL_FAST_MATH = YES;
				ONLY_ACTIVE_ARCH = YES;
				SDKROOT = iphoneos;
				SWIFT_ACTIVE_COMPILATION_CONDITIONS = DEBUG;
				SWIFT_OPTIMIZATION_LEVEL = "-Onone";
			};
			name = Debug;
		};
		3755F0DE24E319B50030DB43 /* Release */ = {
			isa = XCBuildConfiguration;
			buildSettings = {
				ALWAYS_SEARCH_USER_PATHS = NO;
				CLANG_ANALYZER_NONNULL = YES;
				CLANG_ANALYZER_NUMBER_OBJECT_CONVERSION = YES_AGGRESSIVE;
				CLANG_CXX_LANGUAGE_STANDARD = "gnu++14";
				CLANG_CXX_LIBRARY = "libc++";
				CLANG_ENABLE_MODULES = YES;
				CLANG_ENABLE_OBJC_ARC = YES;
				CLANG_ENABLE_OBJC_WEAK = YES;
				CLANG_WARN_BLOCK_CAPTURE_AUTORELEASING = YES;
				CLANG_WARN_BOOL_CONVERSION = YES;
				CLANG_WARN_COMMA = YES;
				CLANG_WARN_CONSTANT_CONVERSION = YES;
				CLANG_WARN_DEPRECATED_OBJC_IMPLEMENTATIONS = YES;
				CLANG_WARN_DIRECT_OBJC_ISA_USAGE = YES_ERROR;
				CLANG_WARN_DOCUMENTATION_COMMENTS = YES;
				CLANG_WARN_EMPTY_BODY = YES;
				CLANG_WARN_ENUM_CONVERSION = YES;
				CLANG_WARN_INFINITE_RECURSION = YES;
				CLANG_WARN_INT_CONVERSION = YES;
				CLANG_WARN_NON_LITERAL_NULL_CONVERSION = YES;
				CLANG_WARN_OBJC_IMPLICIT_RETAIN_SELF = YES;
				CLANG_WARN_OBJC_LITERAL_CONVERSION = YES;
				CLANG_WARN_OBJC_ROOT_CLASS = YES_ERROR;
				CLANG_WARN_RANGE_LOOP_ANALYSIS = YES;
				CLANG_WARN_STRICT_PROTOTYPES = YES;
				CLANG_WARN_SUSPICIOUS_MOVE = YES;
				CLANG_WARN_UNGUARDED_AVAILABILITY = YES_AGGRESSIVE;
				CLANG_WARN_UNREACHABLE_CODE = YES;
				CLANG_WARN__DUPLICATE_METHOD_MATCH = YES;
				COPY_PHASE_STRIP = NO;
				DEBUG_INFORMATION_FORMAT = "dwarf-with-dsym";
				ENABLE_NS_ASSERTIONS = NO;
				ENABLE_STRICT_OBJC_MSGSEND = YES;
				GCC_C_LANGUAGE_STANDARD = gnu11;
				GCC_NO_COMMON_BLOCKS = YES;
				GCC_WARN_64_TO_32_BIT_CONVERSION = YES;
				GCC_WARN_ABOUT_RETURN_TYPE = YES_ERROR;
				GCC_WARN_UNDECLARED_SELECTOR = YES;
				GCC_WARN_UNINITIALIZED_AUTOS = YES_AGGRESSIVE;
				GCC_WARN_UNUSED_FUNCTION = YES;
				GCC_WARN_UNUSED_VARIABLE = YES;
				IPHONEOS_DEPLOYMENT_TARGET = 13.6;
				MTL_ENABLE_DEBUG_INFO = NO;
				MTL_FAST_MATH = YES;
				SDKROOT = iphoneos;
				SWIFT_COMPILATION_MODE = wholemodule;
				SWIFT_OPTIMIZATION_LEVEL = "-O";
				VALIDATE_PRODUCT = YES;
			};
			name = Release;
		};
		3755F0E024E319B50030DB43 /* Debug */ = {
			isa = XCBuildConfiguration;
			buildSettings = {
				ASSETCATALOG_COMPILER_APPICON_NAME = AppIcon;
				CODE_SIGN_STYLE = Automatic;
				DEVELOPMENT_TEAM = UNNT82A692;
				INFOPLIST_FILE = finalProject/Info.plist;
				LD_RUNPATH_SEARCH_PATHS = (
					"$(inherited)",
					"@executable_path/Frameworks",
				);
				PRODUCT_BUNDLE_IDENTIFIER = KWK.finalProject;
				PRODUCT_NAME = "$(TARGET_NAME)";
				SWIFT_VERSION = 5.0;
				TARGETED_DEVICE_FAMILY = "1,2";
			};
			name = Debug;
		};
		3755F0E124E319B50030DB43 /* Release */ = {
			isa = XCBuildConfiguration;
			buildSettings = {
				ASSETCATALOG_COMPILER_APPICON_NAME = AppIcon;
				CODE_SIGN_STYLE = Automatic;
				DEVELOPMENT_TEAM = UNNT82A692;
				INFOPLIST_FILE = finalProject/Info.plist;
				LD_RUNPATH_SEARCH_PATHS = (
					"$(inherited)",
					"@executable_path/Frameworks",
				);
				PRODUCT_BUNDLE_IDENTIFIER = KWK.finalProject;
				PRODUCT_NAME = "$(TARGET_NAME)";
				SWIFT_VERSION = 5.0;
				TARGETED_DEVICE_FAMILY = "1,2";
			};
			name = Release;
		};
/* End XCBuildConfiguration section */

/* Begin XCConfigurationList section */
		3755F0C324E319B20030DB43 /* Build configuration list for PBXProject "finalProject" */ = {
			isa = XCConfigurationList;
			buildConfigurations = (
				3755F0DD24E319B50030DB43 /* Debug */,
				3755F0DE24E319B50030DB43 /* Release */,
			);
			defaultConfigurationIsVisible = 0;
			defaultConfigurationName = Release;
		};
		3755F0DF24E319B50030DB43 /* Build configuration list for PBXNativeTarget "finalProject" */ = {
			isa = XCConfigurationList;
			buildConfigurations = (
				3755F0E024E319B50030DB43 /* Debug */,
				3755F0E124E319B50030DB43 /* Release */,
			);
			defaultConfigurationIsVisible = 0;
			defaultConfigurationName = Release;
		};
/* End XCConfigurationList section */

/* Begin XCVersionGroup section */
		3755F0D424E319B20030DB43 /* finalProject.xcdatamodeld */ = {
			isa = XCVersionGroup;
			children = (
				3755F0D524E319B20030DB43 /* finalProject.xcdatamodel */,
			);
			currentVersion = 3755F0D524E319B20030DB43 /* finalProject.xcdatamodel */;
			path = finalProject.xcdatamodeld;
			sourceTree = "<group>";
			versionGroupType = wrapper.xcdatamodel;
		};
/* End XCVersionGroup section */
	};
	rootObject = 3755F0C024E319B20030DB43 /* Project object */;
}
